
Microsoft Visual Studio Solution File, Format Version 12.00
# Visual Studio 15
VisualStudioVersion = 15.0.26730.16
MinimumVisualStudioVersion = 10.0.40219.1
Project("{FAE04EC0-301F-11D3-BF4B-00C04F79EFBC}") = "My Box Tool", "My Box Tool\My Box Tool.csproj", "{C3C3552B-4026-44B9-B790-ECB0A1F978C6}"
EndProject
Global
	GlobalSection(SolutionConfigurationPlatforms) = preSolution
		Debug|Any CPU = Debug|Any CPU
		Release|Any CPU = Release|Any CPU
	EndGlobalSection
	GlobalSection(ProjectConfigurationPlatforms) = postSolution
		{C3C3552B-4026-44B9-B790-ECB0A1F978C6}.Debug|Any CPU.ActiveCfg = Debug|Any CPU
		{C3C3552B-4026-44B9-B790-ECB0A1F978C6}.Debug|Any CPU.Build.0 = Debug|Any CPU
		{C3C3552B-4026-44B9-B790-ECB0A1F978C6}.Release|Any CPU.ActiveCfg = Release|Any CPU
		{C3C3552B-4026-44B9-B790-ECB0A1F978C6}.Release|Any CPU.Build.0 = Release|Any CPU
	EndGlobalSection
	GlobalSection(SolutionProperties) = preSolution
		HideSolutionNode = FALSE
	EndGlobalSection
	GlobalSection(ExtensibilityGlobals) = postSolution
		SolutionGuid = {1EB13EA9-4E0D-46ED-9408-03CE12DDD86A}
	EndGlobalSection
EndGlobal
